
Microsoft Visual Studio Solution File, Format Version 12.00
# Visual Studio Version 17
VisualStudioVersion = 17.5.002.0
MinimumVisualStudioVersion = 10.0.40219.1
Project("{9A19103F-16F7-4668-BE54-9A1E7A4F7556}") = "AIWorryJar", "AIWorryJar.csproj", "{834F4277-FBC2-4C1D-AB29-82ADCC877F5E}"
EndProject
Global
	GlobalSection(SolutionConfigurationPlatforms) = preSolution
		Debug|Any CPU = Debug|Any CPU
		Release|Any CPU = Release|Any CPU
	EndGlobalSection
	GlobalSection(ProjectConfigurationPlatforms) = postSolution
		{834F4277-FBC2-4C1D-AB29-82ADCC877F5E}.Debug|Any CPU.ActiveCfg = Debug|Any CPU
		{834F4277-FBC2-4C1D-AB29-82ADCC877F5E}.Debug|Any CPU.Build.0 = Debug|Any CPU
		{834F4277-FBC2-4C1D-AB29-82ADCC877F5E}.Release|Any CPU.ActiveCfg = Release|Any CPU
		{834F4277-FBC2-4C1D-AB29-82ADCC877F5E}.Release|Any CPU.Build.0 = Release|Any CPU
	EndGlobalSection
	GlobalSection(SolutionProperties) = preSolution
		HideSolutionNode = FALSE
	EndGlobalSection
	GlobalSection(ExtensibilityGlobals) = postSolution
		SolutionGuid = {7A2C62EE-5181-431C-B37C-3B617FA1DDF6}
	EndGlobalSection
EndGlobal
